{
  "name": "plumbbob-example-reviewer",
  "version": "0.1.0",
  "lockfileVersion": 3,
  "requires": true,
  "packages": {
    "": {
      "name": "plumbbob-example-reviewer",
      "version": "0.1.0",
      "dependencies": {
        "fascicle": "^0.9.5",
        "zod": "^4.0.0"
      },
      "engines": {
        "node": ">=24.0.0"
      }
    },
    "node_modules/@ai-sdk/gateway": {
      "version": "4.0.16",
      "resolved": "https://registry.npmjs.org/@ai-sdk/gateway/-/gateway-4.0.16.tgz",
      "integrity": "sha512-9iYxdOLquoOFk5e+02P9qfBIA+EJU0FNJvyjGxi4iXJabt2+GlbaCg7TX0sTtxOsBVkdabkatqWM6+kvp53tBg==",
      "license": "Apache-2.0",
      "peer": true,
      "dependencies": {
        "@ai-sdk/provider": "4.0.3",
        "@ai-sdk/provider-utils": "5.0.7",
        "@vercel/oidc": "3.2.0"
      },
      "engines": {
        "node": ">=22"
      },
      "peerDependencies": {
        "zod": "^3.25.76 || ^4.1.8"
      }
    },
    "node_modules/@ai-sdk/provider": {
      "version": "4.0.3",
      "resolved": "https://registry.npmjs.org/@ai-sdk/provider/-/provider-4.0.3.tgz",
      "integrity": "sha512-e0CpNWJUY7OxAFAnCZkw+ri9QOHWwTs1tXP42782KFGCU07qt8NiXCrCVowyCB5dP2r5/Uls+g2oPd8kOJn9dw==",
      "license": "Apache-2.0",
      "peer": true,
      "dependencies": {
        "json-schema": "^0.4.0"
      },
      "engines": {
        "node": ">=22"
      }
    },
    "node_modules/@ai-sdk/provider-utils": {
      "version": "5.0.7",
      "resolved": "https://registry.npmjs.org/@ai-sdk/provider-utils/-/provider-utils-5.0.7.tgz",
      "integrity": "sha512-OSm5/5kdrHa11WIOo5LYgDKnxYWp5aB/wx5EXRHi0jpUGduMDeB6oht9U6p+UNNWIP3F/EqPpV8d7vdP/iRnqg==",
      "license": "Apache-2.0",
      "peer": true,
      "dependencies": {
        "@ai-sdk/provider": "4.0.3",
        "@standard-schema/spec": "^1.1.0",
        "@workflow/serde": "4.1.0",
        "eventsource-parser": "^3.0.8"
      },
      "engines": {
        "node": ">=22"
      },
      "peerDependencies": {
        "zod": "^3.25.76 || ^4.1.8"
      }
    },
    "node_modules/@standard-schema/spec": {
      "version": "1.1.0",
      "resolved": "https://registry.npmjs.org/@standard-schema/spec/-/spec-1.1.0.tgz",
      "integrity": "sha512-l2aFy5jALhniG5HgqrD6jXLi/rUWrKvqN/qJx6yoJsgKhblVd+iqqU4RCXavm/jPityDo5TCvKMnpjKnOriy0w==",
      "license": "MIT",
      "peer": true
    },
    "node_modules/@vercel/oidc": {
      "version": "3.2.0",
      "resolved": "https://registry.npmjs.org/@vercel/oidc/-/oidc-3.2.0.tgz",
      "integrity": "sha512-UycprH3T6n3jH0k44NHMa7pnFHGu/N05MjojYr+Mc6I7obkoLIJujSWwin1pCvdy/eOxrI/l3uDLQsmcrOb4ug==",
      "license": "Apache-2.0",
      "peer": true,
      "engines": {
        "node": ">= 20"
      }
    },
    "node_modules/@workflow/serde": {
      "version": "4.1.0",
      "resolved": "https://registry.npmjs.org/@workflow/serde/-/serde-4.1.0.tgz",
      "integrity": "sha512-pav4F2BoirECWR7Nf1TKt+2eETcBj7jj4cBefQ8VXQCA6NPkaKeLfj/zMgi+3zYV5ZIBT4GuUiphsj0/b9hPQQ==",
      "license": "Apache-2.0",
      "peer": true
    },
    "node_modules/ai": {
      "version": "7.0.22",
      "resolved": "https://registry.npmjs.org/ai/-/ai-7.0.22.tgz",
      "integrity": "sha512-iAXYwQtR18qN7GXwNmGVAQM4uSJOh2+nZ5RP9NtDXfH5d4tlYyYzAM133O3U+eVcyWrvNRzecN9yW58xpCdfMg==",
      "license": "Apache-2.0",
      "peer": true,
      "dependencies": {
        "@ai-sdk/gateway": "4.0.16",
        "@ai-sdk/provider": "4.0.3",
        "@ai-sdk/provider-utils": "5.0.7"
      },
      "engines": {
        "node": ">=22"
      },
      "peerDependencies": {
        "zod": "^3.25.76 || ^4.1.8"
      }
    },
    "node_modules/eventsource-parser": {
      "version": "3.1.0",
      "resolved": "https://registry.npmjs.org/eventsource-parser/-/eventsource-parser-3.1.0.tgz",
      "integrity": "sha512-kJezFj9YFAMLeORyi7aCLxLbD5/qWMQnoMVlVPyHIll7lgRJCc3JVln9Vgl9nwQi0YkMnhdGTMNn7CkRRAptMg==",
      "license": "MIT",
      "peer": true,
      "engines": {
        "node": ">=18.0.0"
      }
    },
    "node_modules/fascicle": {
      "version": "0.9.5",
      "resolved": "https://registry.npmjs.org/fascicle/-/fascicle-0.9.5.tgz",
      "integrity": "sha512-p8z3iDJzHlYxfuNNCJV72V+ghkByzzdhR5J7Z6hQ/4apMSFdZ12mG/tXQJid7DeSJZgNoDqbjZ++YIZ0QwSVpw==",
      "license": "Apache-2.0",
      "bin": {
        "fascicle-viewer": "dist/bin/fascicle-viewer.js"
      },
      "engines": {
        "node": ">=24.0.0",
        "pnpm": ">=10.13.0"
      },
      "peerDependencies": {
        "@ai-sdk/amazon-bedrock": "^5.0.0",
        "@ai-sdk/anthropic": "^4.0.0",
        "@ai-sdk/google": "^4.0.0",
        "@ai-sdk/openai": "^4.0.0",
        "@ai-sdk/openai-compatible": "^3.0.0",
        "@ai-sdk/otel": "^1.0.0",
        "@modelcontextprotocol/sdk": "^1.29.0",
        "@openrouter/ai-sdk-provider": "^3.0.0",
        "@opentelemetry/api": "^1.9.0",
        "ai": "^7.0.0",
        "ai-sdk-ollama": "^4.0.0",
        "zod": "^4.0.0"
      },
      "peerDependenciesMeta": {
        "@ai-sdk/amazon-bedrock": {
          "optional": true
        },
        "@ai-sdk/anthropic": {
          "optional": true
        },
        "@ai-sdk/google": {
          "optional": true
        },
        "@ai-sdk/openai": {
          "optional": true
        },
        "@ai-sdk/openai-compatible": {
          "optional": true
        },
        "@ai-sdk/otel": {
          "optional": true
        },
        "@modelcontextprotocol/sdk": {
          "optional": true
        },
        "@openrouter/ai-sdk-provider": {
          "optional": true
        },
        "@opentelemetry/api": {
          "optional": true
        },
        "ai-sdk-ollama": {
          "optional": true
        }
      }
    },
    "node_modules/json-schema": {
      "version": "0.4.0",
      "resolved": "https://registry.npmjs.org/json-schema/-/json-schema-0.4.0.tgz",
      "integrity": "sha512-es94M3nTIfsEPisRafak+HDLfHXnKBhV3vU5eqPcS3flIWqcxJWgXHXiey3YrpaNsanY5ei1VoYEbOzijuq9BA==",
      "license": "(AFL-2.1 OR BSD-3-Clause)",
      "peer": true
    },
    "node_modules/zod": {
      "version": "4.4.3",
      "resolved": "https://registry.npmjs.org/zod/-/zod-4.4.3.tgz",
      "integrity": "sha512-ytENFjIJFl2UwYglde2jchW2Hwm4GJFLDiSXWdTrJQBIN9Fcyp7n4DhxJEiWNAJMV1/BqWfW/kkg71UDcHJyTQ==",
      "license": "MIT",
      "funding": {
        "url": "https://github.com/sponsors/colinhacks"
      }
    }
  }
}
